
Microsoft Visual Studio Solution File, Format Version 12.00
# Visual Studio Version 17
VisualStudioVersion = 17.5.002.0
MinimumVisualStudioVersion = 10.0.40219.1
Project("{9A19103F-16F7-4668-BE54-9A1E7A4F7556}") = "music2ears-back", "music2ears-back.csproj", "{05944908-C84B-4EAC-9A19-E323A9F33D1B}"
EndProject
Global
	GlobalSection(SolutionConfigurationPlatforms) = preSolution
		Debug|Any CPU = Debug|Any CPU
		Release|Any CPU = Release|Any CPU
	EndGlobalSection
	GlobalSection(ProjectConfigurationPlatforms) = postSolution
		{05944908-C84B-4EAC-9A19-E323A9F33D1B}.Debug|Any CPU.ActiveCfg = Debug|Any CPU
		{05944908-C84B-4EAC-9A19-E323A9F33D1B}.Debug|Any CPU.Build.0 = Debug|Any CPU
		{05944908-C84B-4EAC-9A19-E323A9F33D1B}.Release|Any CPU.ActiveCfg = Release|Any CPU
		{05944908-C84B-4EAC-9A19-E323A9F33D1B}.Release|Any CPU.Build.0 = Release|Any CPU
	EndGlobalSection
	GlobalSection(SolutionProperties) = preSolution
		HideSolutionNode = FALSE
	EndGlobalSection
	GlobalSection(ExtensibilityGlobals) = postSolution
		SolutionGuid = {A0E54471-642A-4D65-B630-C257CA7C8BF1}
	EndGlobalSection
EndGlobal
